# THIS IS AN AUTOGENERATED FILE. DO NOT EDIT THIS FILE DIRECTLY.
# yarn lockfile v1


"@esbuild/darwin-arm64@0.21.5":
  version "0.21.5"
  resolved "https://registry.npmjs.org/@esbuild/darwin-arm64/-/darwin-arm64-0.21.5.tgz"
  integrity sha512-DwqXqZyuk5AiWWf3UfLiRDJ5EDd49zg6O9wclZ7kUMv2WRFr4HKjXp/5t8JZ11QbQfUS6/cRCKGwYhtNAY88kQ==

"@github/markdown-toolbar-element@^2.2.3":
  version "2.2.3"
  resolved "https://registry.npmjs.org/@github/markdown-toolbar-element/-/markdown-toolbar-element-2.2.3.tgz"
  integrity sha512-AlquKGee+IWiAMYVB0xyHFZRMnu4n3X4HTvJHu79GiVJ1ojTukCWyxMlF5NMsecoLcBKsuBhx3QPv2vkE/zQ0A==

"@github/paste-markdown@^1.5.3":
  version "1.5.3"
  resolved "https://registry.npmjs.org/@github/paste-markdown/-/paste-markdown-1.5.3.tgz"
  integrity sha512-PzZ1b3PaqBzYqbT4fwKEhiORf38h2OcGp2+JdXNNM7inZ7egaSmfmhyNkQILpqWfS0AYtRS3CDq6z03eZ8yOMQ==

"@hotwired/stimulus@^3.2.2":
  version "3.2.2"
  resolved "https://registry.npmjs.org/@hotwired/stimulus/-/stimulus-3.2.2.tgz"
  integrity sha512-eGeIqNOQpXoPAIP7tC1+1Yc1yl1xnwYqg+3mzqxyrbE5pg5YFBZcA6YoTiByJB6DKAEsiWtl6tjTJS4IYtbB7A==

"@hotwired/turbo-rails@^8.0.12":
  version "8.0.12"
  resolved "https://registry.npmjs.org/@hotwired/turbo-rails/-/turbo-rails-8.0.12.tgz"
  integrity sha512-ZXwu9ez+Gd4RQNeHIitqOQgi/LyqY8J4JqsUN0nnYiZDBRq7IreeFdMbz29VdJpIsmYqwooE4cFzPU7QvJkQkA==
  dependencies:
    "@hotwired/turbo" "^8.0.12"
    "@rails/actioncable" "^7.0"

"@hotwired/turbo@^8.0.12":
  version "8.0.12"
  resolved "https://registry.npmjs.org/@hotwired/turbo/-/turbo-8.0.12.tgz"
  integrity sha512-l3BiQRkD7qrnQv6ms6sqPLczvwbQpXt5iAVwjDvX0iumrz6yEonQkNAzNjeDX25/OJMFDTxpHjkJZHGpM9ikWw==

"@nodelib/fs.scandir@2.1.5":
  version "2.1.5"
  resolved "https://registry.npmjs.org/@nodelib/fs.scandir/-/fs.scandir-2.1.5.tgz"
  integrity sha512-vq24Bq3ym5HEQm2NKCr3yXDwjc7vTsEThRDnkp2DK9p1uqLR+DHurm/NOTo0KG7HYHU7eppKZj3MyqYuMBf62g==
  dependencies:
    "@nodelib/fs.stat" "2.0.5"
    run-parallel "^1.1.9"

"@nodelib/fs.stat@^2.0.2", "@nodelib/fs.stat@2.0.5":
  version "2.0.5"
  resolved "https://registry.npmjs.org/@nodelib/fs.stat/-/fs.stat-2.0.5.tgz"
  integrity sha512-RkhPPp2zrqDAQA/2jNhnztcPAlv64XdhIp7a7454A5ovI7Bukxgt7MX7udwAu3zg1DcpPU0rz3VV1SeaqvY4+A==

"@nodelib/fs.walk@^1.2.3":
  version "1.2.8"
  resolved "https://registry.npmjs.org/@nodelib/fs.walk/-/fs.walk-1.2.8.tgz"
  integrity sha512-oGB+UxlgWcgQkgwo8GcEGwemoTFt3FIO9ababBmaGwXIoBKZ+GTy0pP185beGg7Llih/NSHSV2XAs1lnznocSg==
  dependencies:
    "@nodelib/fs.scandir" "2.1.5"
    fastq "^1.6.0"

"@rails/actioncable@^7.0":
  version "7.2.201"
  resolved "https://registry.npmjs.org/@rails/actioncable/-/actioncable-7.2.201.tgz"
  integrity sha512-wsTdWoZ5EfG5k3t7ORdyQF0ZmDEgN4aVPCanHAiNEwCROqibSZMXXmCbH7IDJUVri4FOeAVwwbPINI7HVHPKBw==

"@rails/activestorage@^8.0.100":
  version "8.0.100"
  resolved "https://registry.npmjs.org/@rails/activestorage/-/activestorage-8.0.100.tgz"
  integrity sha512-/fIFav9RFFzQKK3a91O2OOdnHxPx+mBIR6wZDxeH9bcbDf2dZqhVcr5DGRJuhkF8U7C3s0tYvYafscmkBNRlHQ==
  dependencies:
    spark-md5 "^3.0.1"

"@rails/request.js@^0.0.11":
  version "0.0.11"
  resolved "https://registry.npmjs.org/@rails/request.js/-/request.js-0.0.11.tgz"
  integrity sha512-2U3uYS0kbljt+pAstN+LIlZOl7xmOKig5N6FrvtUWO1wq0zR1Hf90fHfD2SYiyV8yH1nyKpoTmbLqWT0xe1zDg==

"@rollup/rollup-darwin-arm64@4.30.1":
  version "4.30.1"
  resolved "https://registry.npmjs.org/@rollup/rollup-darwin-arm64/-/rollup-darwin-arm64-4.30.1.tgz"
  integrity sha512-r7FQIXD7gB0WJ5mokTUgUWPl0eYIH0wnxqeSAhuIwvnnpjdVB8cRRClyKLQr7lgzjctkbp5KmswWszlwYln03Q==

"@tailwindcss/node@4.0.0-beta.9":
  version "4.0.0-beta.9"
  resolved "https://registry.npmjs.org/@tailwindcss/node/-/node-4.0.0-beta.9.tgz"
  integrity sha512-KuKNhNVU5hd2L5BkXE/twBKkMnHG4wQiHes6axhDbdcRew0/YZtvlWvMIy7QmtBWnR1lM8scPhp0RXmxK/hZdw==
  dependencies:
    enhanced-resolve "^5.18.0"
    jiti "^2.4.2"
    tailwindcss "4.0.0-beta.9"

"@tailwindcss/oxide-darwin-arm64@4.0.0-beta.9":
  version "4.0.0-beta.9"
  resolved "https://registry.npmjs.org/@tailwindcss/oxide-darwin-arm64/-/oxide-darwin-arm64-4.0.0-beta.9.tgz"
  integrity sha512-SjdLul42NElqSHO5uINXylMNDx4KjtN3iB2o5nv0dFJV119DB0rxSCswgSEfigqyMXLyOAw3dwdoJIUFiw5Sdg==

"@tailwindcss/oxide@4.0.0-beta.9":
  version "4.0.0-beta.9"
  resolved "https://registry.npmjs.org/@tailwindcss/oxide/-/oxide-4.0.0-beta.9.tgz"
  integrity sha512-1bpui84CDnrjB6TI3AGR9jYUA28+VIfkrM4BH3+VXA9B80+cARtd3ON06ouA5/r/2xs4qe+T85Z1c0k5X6vLeA==
  optionalDependencies:
    "@tailwindcss/oxide-android-arm64" "4.0.0-beta.9"
    "@tailwindcss/oxide-darwin-arm64" "4.0.0-beta.9"
    "@tailwindcss/oxide-darwin-x64" "4.0.0-beta.9"
    "@tailwindcss/oxide-freebsd-x64" "4.0.0-beta.9"
    "@tailwindcss/oxide-linux-arm-gnueabihf" "4.0.0-beta.9"
    "@tailwindcss/oxide-linux-arm64-gnu" "4.0.0-beta.9"
    "@tailwindcss/oxide-linux-arm64-musl" "4.0.0-beta.9"
    "@tailwindcss/oxide-linux-x64-gnu" "4.0.0-beta.9"
    "@tailwindcss/oxide-linux-x64-musl" "4.0.0-beta.9"
    "@tailwindcss/oxide-win32-arm64-msvc" "4.0.0-beta.9"
    "@tailwindcss/oxide-win32-x64-msvc" "4.0.0-beta.9"

"@tailwindcss/vite@^4.0.0-beta.9":
  version "4.0.0-beta.9"
  resolved "https://registry.npmjs.org/@tailwindcss/vite/-/vite-4.0.0-beta.9.tgz"
  integrity sha512-Hf28QkwSLM6bbOkcTQk1iEEOB37v+9vfqdpHUaLSluZpEGCVAFc0i+p2Gvp6MlK840tyixQu5L39VjL2lAZFFQ==
  dependencies:
    "@tailwindcss/node" "4.0.0-beta.9"
    "@tailwindcss/oxide" "4.0.0-beta.9"
    lightningcss "^1.29.0"
    tailwindcss "4.0.0-beta.9"

"@types/estree@1.0.6":
  version "1.0.6"
  resolved "https://registry.npmjs.org/@types/estree/-/estree-1.0.6.tgz"
  integrity sha512-AYnb1nQyY49te+VRAVgmzfcgjYS91mY5P0TKUDCLEM+gNnA+3T6rWITXRLYCpahpqSQbN5cE+gHpnPyXjHWxcw==

braces@^3.0.3:
  version "3.0.3"
  resolved "https://registry.npmjs.org/braces/-/braces-3.0.3.tgz"
  integrity sha512-yQbXgO/OSZVD2IsiLlro+7Hf6Q18EJrKSEsdoMzKePKXct3gvD8oLcOQdIzGupr5Fj+EDe8gO/lxc1BzfMpxvA==
  dependencies:
    fill-range "^7.1.1"

debug@^4.3.4:
  version "4.4.0"
  resolved "https://registry.npmjs.org/debug/-/debug-4.4.0.tgz"
  integrity sha512-6WTZ/IxCY/T6BALoZHaE4ctp9xm+Z5kY/pzYaCHRFeyVhojxlrm+46y68HA6hr0TcwEssoxNiDEUJQjfPZ/RYA==
  dependencies:
    ms "^2.1.3"

detect-libc@^1.0.3:
  version "1.0.3"
  resolved "https://registry.npmjs.org/detect-libc/-/detect-libc-1.0.3.tgz"
  integrity sha512-pGjwhsmsp4kL2RTz08wcOlGN83otlqHeD/Z5T8GXZB+/YcpQ/dgo+lbU8ZsGxV0HIvqqxo9l7mqYwyYMD9bKDg==

enhanced-resolve@^5.18.0:
  version "5.18.0"
  resolved "https://registry.npmjs.org/enhanced-resolve/-/enhanced-resolve-5.18.0.tgz"
  integrity sha512-0/r0MySGYG8YqlayBZ6MuCfECmHFdJ5qyPh8s8wa5Hnm6SaFLSK1VYCbj+NKp090Nm1caZhD+QTnmxO7esYGyQ==
  dependencies:
    graceful-fs "^4.2.4"
    tapable "^2.2.0"

esbuild@^0.21.3:
  version "0.21.5"
  resolved "https://registry.npmjs.org/esbuild/-/esbuild-0.21.5.tgz"
  integrity sha512-mg3OPMV4hXywwpoDxu3Qda5xCKQi+vCTZq8S9J/EpkhB2HzKXq4SNFZE3+NK93JYxc8VMSep+lOUSC/RVKaBqw==
  optionalDependencies:
    "@esbuild/aix-ppc64" "0.21.5"
    "@esbuild/android-arm" "0.21.5"
    "@esbuild/android-arm64" "0.21.5"
    "@esbuild/android-x64" "0.21.5"
    "@esbuild/darwin-arm64" "0.21.5"
    "@esbuild/darwin-x64" "0.21.5"
    "@esbuild/freebsd-arm64" "0.21.5"
    "@esbuild/freebsd-x64" "0.21.5"
    "@esbuild/linux-arm" "0.21.5"
    "@esbuild/linux-arm64" "0.21.5"
    "@esbuild/linux-ia32" "0.21.5"
    "@esbuild/linux-loong64" "0.21.5"
    "@esbuild/linux-mips64el" "0.21.5"
    "@esbuild/linux-ppc64" "0.21.5"
    "@esbuild/linux-riscv64" "0.21.5"
    "@esbuild/linux-s390x" "0.21.5"
    "@esbuild/linux-x64" "0.21.5"
    "@esbuild/netbsd-x64" "0.21.5"
    "@esbuild/openbsd-x64" "0.21.5"
    "@esbuild/sunos-x64" "0.21.5"
    "@esbuild/win32-arm64" "0.21.5"
    "@esbuild/win32-ia32" "0.21.5"
    "@esbuild/win32-x64" "0.21.5"

fast-glob@^3.3.2:
  version "3.3.3"
  resolved "https://registry.npmjs.org/fast-glob/-/fast-glob-3.3.3.tgz"
  integrity sha512-7MptL8U0cqcFdzIzwOTHoilX9x5BrNqye7Z/LuC7kCMRio1EMSyqRK3BEAUD7sXRq4iT4AzTVuZdhgQ2TCvYLg==
  dependencies:
    "@nodelib/fs.stat" "^2.0.2"
    "@nodelib/fs.walk" "^1.2.3"
    glob-parent "^5.1.2"
    merge2 "^1.3.0"
    micromatch "^4.0.8"

fastq@^1.6.0:
  version "1.18.0"
  resolved "https://registry.npmjs.org/fastq/-/fastq-1.18.0.tgz"
  integrity sha512-QKHXPW0hD8g4UET03SdOdunzSouc9N4AuHdsX8XNcTsuz+yYFILVNIX4l9yHABMhiEI9Db0JTTIpu0wB+Y1QQw==
  dependencies:
    reusify "^1.0.4"

fill-range@^7.1.1:
  version "7.1.1"
  resolved "https://registry.npmjs.org/fill-range/-/fill-range-7.1.1.tgz"
  integrity sha512-YsGpe3WHLK8ZYi4tWDg2Jy3ebRz2rXowDxnld4bkQB00cc/1Zw9AWnC0i9ztDJitivtQvaI9KaLyKrc+hBW0yg==
  dependencies:
    to-regex-range "^5.0.1"

fsevents@~2.3.2, fsevents@~2.3.3:
  version "2.3.3"
  resolved "https://registry.npmjs.org/fsevents/-/fsevents-2.3.3.tgz"
  integrity sha512-5xoDfX+fL7faATnagmWPpbFtwh/R77WmMMqqHGS65C3vvB0YHrgF+B1YmZ3441tMj5n63k0212XNoJwzlhffQw==

glob-parent@^5.1.2:
  version "5.1.2"
  resolved "https://registry.npmjs.org/glob-parent/-/glob-parent-5.1.2.tgz"
  integrity sha512-AOIgSQCepiJYwP3ARnGx+5VnTu2HBYdzbGP45eLw1vr3zB3vZLeyed1sC9hnbcOc9/SrMyM5RPQrkGz4aS9Zow==
  dependencies:
    is-glob "^4.0.1"

graceful-fs@^4.2.4:
  version "4.2.11"
  resolved "https://registry.npmjs.org/graceful-fs/-/graceful-fs-4.2.11.tgz"
  integrity sha512-RbJ5/jmFcNNCcDV5o9eTnBLJ/HszWV0P73bc+Ff4nS/rJj+YaS6IGyiOL0VoBYX+l1Wrl3k63h/KrH+nhJ0XvQ==

is-extglob@^2.1.1:
  version "2.1.1"
  resolved "https://registry.npmjs.org/is-extglob/-/is-extglob-2.1.1.tgz"
  integrity sha512-SbKbANkN603Vi4jEZv49LeVJMn4yGwsbzZworEoyEiutsN3nJYdbO36zfhGJ6QEDpOZIFkDtnq5JRxmvl3jsoQ==

is-glob@^4.0.1:
  version "4.0.3"
  resolved "https://registry.npmjs.org/is-glob/-/is-glob-4.0.3.tgz"
  integrity sha512-xelSayHH36ZgE7ZWhli7pW34hNbNl8Ojv5KVmkJD4hBdD3th8Tfk9vYasLM+mXWOZhFkgZfxhLSnrwRr4elSSg==
  dependencies:
    is-extglob "^2.1.1"

is-number@^7.0.0:
  version "7.0.0"
  resolved "https://registry.npmjs.org/is-number/-/is-number-7.0.0.tgz"
  integrity sha512-41Cifkg6e8TylSpdtTpeLVMqvSBEVzTttHvERD741+pnZ8ANv0004MRL43QKPDlK9cGvNp6NZWZUBlbGXYxxng==

jiti@^2.4.2:
  version "2.4.2"
  resolved "https://registry.npmjs.org/jiti/-/jiti-2.4.2.tgz"
  integrity sha512-rg9zJN+G4n2nfJl5MW3BMygZX56zKPNVEYYqq7adpmMh4Jn2QNEwhvQlFy6jPVdcod7txZtKHWnyZiA3a0zP7A==

lightningcss-darwin-arm64@1.29.1:
  version "1.29.1"
  resolved "https://registry.npmjs.org/lightningcss-darwin-arm64/-/lightningcss-darwin-arm64-1.29.1.tgz"
  integrity sha512-HtR5XJ5A0lvCqYAoSv2QdZZyoHNttBpa5EP9aNuzBQeKGfbyH5+UipLWvVzpP4Uml5ej4BYs5I9Lco9u1fECqw==

lightningcss@^1.21.0, lightningcss@^1.29.0:
  version "1.29.1"
  resolved "https://registry.npmjs.org/lightningcss/-/lightningcss-1.29.1.tgz"
  integrity sha512-FmGoeD4S05ewj+AkhTY+D+myDvXI6eL27FjHIjoyUkO/uw7WZD1fBVs0QxeYWa7E17CUHJaYX/RUGISCtcrG4Q==
  dependencies:
    detect-libc "^1.0.3"
  optionalDependencies:
    lightningcss-darwin-arm64 "1.29.1"
    lightningcss-darwin-x64 "1.29.1"
    lightningcss-freebsd-x64 "1.29.1"
    lightningcss-linux-arm-gnueabihf "1.29.1"
    lightningcss-linux-arm64-gnu "1.29.1"
    lightningcss-linux-arm64-musl "1.29.1"
    lightningcss-linux-x64-gnu "1.29.1"
    lightningcss-linux-x64-musl "1.29.1"
    lightningcss-win32-arm64-msvc "1.29.1"
    lightningcss-win32-x64-msvc "1.29.1"

merge2@^1.3.0:
  version "1.4.1"
  resolved "https://registry.npmjs.org/merge2/-/merge2-1.4.1.tgz"
  integrity sha512-8q7VEgMJW4J8tcfVPy8g09NcQwZdbwFEqhe/WZkoIzjn/3TGDwtOCYtXGxA3O8tPzpczCCDgv+P2P5y00ZJOOg==

micromatch@^4.0.8:
  version "4.0.8"
  resolved "https://registry.npmjs.org/micromatch/-/micromatch-4.0.8.tgz"
  integrity sha512-PXwfBhYu0hBCPw8Dn0E+WDYb7af3dSLVWKi3HGv84IdF4TyFoC0ysxFd0Goxw7nSv4T/PzEJQxsYsEiFCKo2BA==
  dependencies:
    braces "^3.0.3"
    picomatch "^2.3.1"

ms@^2.1.3:
  version "2.1.3"
  resolved "https://registry.npmjs.org/ms/-/ms-2.1.3.tgz"
  integrity sha512-6FlzubTLZG3J2a/NVCAleEhjzq5oxgHyaCU9yYXvcLsvoVaHJq/s5xXI6/XXP6tz7R9xAOtHnSO/tXtF3WRTlA==

nanoid@^3.3.8:
  version "3.3.8"
  resolved "https://registry.npmjs.org/nanoid/-/nanoid-3.3.8.tgz"
  integrity sha512-WNLf5Sd8oZxOm+TzppcYk8gVOgP+l58xNy58D0nbUnOxOWRWvlcCV4kUF7ltmI6PsrLl/BgKEyS4mqsGChFN0w==

picocolors@^1.1.1:
  version "1.1.1"
  resolved "https://registry.npmjs.org/picocolors/-/picocolors-1.1.1.tgz"
  integrity sha512-xceH2snhtb5M9liqDsmEw56le376mTZkEX/jEb/RxNFyegNul7eNslCXP9FDj/Lcu0X8KEyMceP2ntpaHrDEVA==

picomatch@^2.3.1:
  version "2.3.1"
  resolved "https://registry.npmjs.org/picomatch/-/picomatch-2.3.1.tgz"
  integrity sha512-JU3teHTNjmE2VCGFzuY8EXzCDVwEqB2a8fsIvwaStHhAWJEeVd1o1QD80CU6+ZdEXXSLbSsuLwJjkCBWqRQUVA==

postcss@^8.4.43:
  version "8.5.1"
  resolved "https://registry.npmjs.org/postcss/-/postcss-8.5.1.tgz"
  integrity sha512-6oz2beyjc5VMn/KV1pPw8fliQkhBXrVn1Z3TVyqZxU8kZpzEKhBdmCFqI6ZbmGtamQvQGuU1sgPTk8ZrXDD7jQ==
  dependencies:
    nanoid "^3.3.8"
    picocolors "^1.1.1"
    source-map-js "^1.2.1"

queue-microtask@^1.2.2:
  version "1.2.3"
  resolved "https://registry.npmjs.org/queue-microtask/-/queue-microtask-1.2.3.tgz"
  integrity sha512-NuaNSa6flKT5JaSYQzJok04JzTL1CA6aGhv5rfLW3PgqA+M2ChpZQnAC8h8i4ZFkBS8X5RqkDBHA7r4hej3K9A==

reusify@^1.0.4:
  version "1.0.4"
  resolved "https://registry.npmjs.org/reusify/-/reusify-1.0.4.tgz"
  integrity sha512-U9nH88a3fc/ekCF1l0/UP1IosiuIjyTh7hBvXVMHYgVcfGvt897Xguj2UOLDeI5BG2m7/uwyaLVT6fbtCwTyzw==

rollup@^4.20.0:
  version "4.30.1"
  resolved "https://registry.npmjs.org/rollup/-/rollup-4.30.1.tgz"
  integrity sha512-mlJ4glW020fPuLi7DkM/lN97mYEZGWeqBnrljzN0gs7GLctqX3lNWxKQ7Gl712UAX+6fog/L3jh4gb7R6aVi3w==
  dependencies:
    "@types/estree" "1.0.6"
  optionalDependencies:
    "@rollup/rollup-android-arm-eabi" "4.30.1"
    "@rollup/rollup-android-arm64" "4.30.1"
    "@rollup/rollup-darwin-arm64" "4.30.1"
    "@rollup/rollup-darwin-x64" "4.30.1"
    "@rollup/rollup-freebsd-arm64" "4.30.1"
    "@rollup/rollup-freebsd-x64" "4.30.1"
    "@rollup/rollup-linux-arm-gnueabihf" "4.30.1"
    "@rollup/rollup-linux-arm-musleabihf" "4.30.1"
    "@rollup/rollup-linux-arm64-gnu" "4.30.1"
    "@rollup/rollup-linux-arm64-musl" "4.30.1"
    "@rollup/rollup-linux-loongarch64-gnu" "4.30.1"
    "@rollup/rollup-linux-powerpc64le-gnu" "4.30.1"
    "@rollup/rollup-linux-riscv64-gnu" "4.30.1"
    "@rollup/rollup-linux-s390x-gnu" "4.30.1"
    "@rollup/rollup-linux-x64-gnu" "4.30.1"
    "@rollup/rollup-linux-x64-musl" "4.30.1"
    "@rollup/rollup-win32-arm64-msvc" "4.30.1"
    "@rollup/rollup-win32-ia32-msvc" "4.30.1"
    "@rollup/rollup-win32-x64-msvc" "4.30.1"
    fsevents "~2.3.2"

run-parallel@^1.1.9:
  version "1.2.0"
  resolved "https://registry.npmjs.org/run-parallel/-/run-parallel-1.2.0.tgz"
  integrity sha512-5l4VyZR86LZ/lDxZTR6jqL8AFE2S0IFLMP26AbjsLVADxHdhB/c0GUsH+y39UfCi3dzz8OlQuPmnaJOMoDHQBA==
  dependencies:
    queue-microtask "^1.2.2"

source-map-js@^1.2.1:
  version "1.2.1"
  resolved "https://registry.npmjs.org/source-map-js/-/source-map-js-1.2.1.tgz"
  integrity sha512-UXWMKhLOwVKb728IUtQPXxfYU+usdybtUrK/8uGE8CQMvrhOpwvzDBwj0QhSL7MQc7vIsISBG8VQ8+IDQxpfQA==

spark-md5@^3.0.1:
  version "3.0.2"
  resolved "https://registry.npmjs.org/spark-md5/-/spark-md5-3.0.2.tgz"
  integrity sha512-wcFzz9cDfbuqe0FZzfi2or1sgyIrsDwmPwfZC4hiNidPdPINjeUwNfv5kldczoEAcjl9Y1L3SM7Uz2PUEQzxQw==

tailwindcss@^4.0.0-beta.9, tailwindcss@4.0.0-beta.9:
  version "4.0.0-beta.9"
  resolved "https://registry.npmjs.org/tailwindcss/-/tailwindcss-4.0.0-beta.9.tgz"
  integrity sha512-96KpsfQi+/sFIOfyFnGzyy5pobuzf1iMBD9NVtelerPM/lPI2XUS4Kikw9yuKRniXXw77ov1sl7gCSKLsn6CJA==

tapable@^2.2.0:
  version "2.2.1"
  resolved "https://registry.npmjs.org/tapable/-/tapable-2.2.1.tgz"
  integrity sha512-GNzQvQTOIP6RyTfE2Qxb8ZVlNmw0n88vp1szwWRimP02mnTsx3Wtn5qRdqY9w2XduFNUgvOwhNnQsjwCp+kqaQ==

to-regex-range@^5.0.1:
  version "5.0.1"
  resolved "https://registry.npmjs.org/to-regex-range/-/to-regex-range-5.0.1.tgz"
  integrity sha512-65P7iz6X5yEr1cwcgvQxbbIw7Uk3gOy5dIdtZ4rDveLqhrdJP+Li/Hx6tyK0NEb+2GCyneCMJiGqrADCSNk8sQ==
  dependencies:
    is-number "^7.0.0"

vite-plugin-ruby@^5.1.1:
  version "5.1.1"
  resolved "https://registry.npmjs.org/vite-plugin-ruby/-/vite-plugin-ruby-5.1.1.tgz"
  integrity sha512-I1dXJq2ywdvTD2Cz5LYNcYLujqQ3eUxPoCjruRdfm2QBtHBY15NEeb6x5HuPM3T5S+y8S3p9fwRsieQQCjk0gg==
  dependencies:
    debug "^4.3.4"
    fast-glob "^3.3.2"

"vite@^5.2.0 || ^6", vite@^5.4.11, vite@>=5.0.0:
  version "5.4.11"
  resolved "https://registry.npmjs.org/vite/-/vite-5.4.11.tgz"
  integrity sha512-c7jFQRklXua0mTzneGW9QVyxFjUgwcihC4bXEtujIo2ouWCe1Ajt/amn2PCxYnhYfd5k09JX3SB7OYWFKYqj8Q==
  dependencies:
    esbuild "^0.21.3"
    postcss "^8.4.43"
    rollup "^4.20.0"
  optionalDependencies:
    fsevents "~2.3.3"
